{
  "markbot": "f59f3c545494cccd4c999715af734071ad23911f8376a0b3fdb80872f5a800d2",
  "markbotignore": "030a4e6e1b3b6b510514a7ae54576e2c2ef762d56236c6414ef634955d96a126",
  "css/main.css": "18496356bf285f9ffb4d8db5903153ab451fa2edc3d304afdb0d076f364842ce",
  "index-960.png": "089b8b625f83aede7968c874ffff9e042465dc575b3e730ee276597d4067b053"
}